
Microsoft Visual Studio Solution File, Format Version 12.00
# Visual Studio 2017
Project("{FAE04EC0-301F-11D3-BF4B-00C04F79EFBC}") = "campaigndomain", "campaigndomain.csproj", "{498DFB70-3598-43C7-B472-E3CF54FAADCF}"
EndProject
Global
	GlobalSection(SolutionConfigurationPlatforms) = preSolution
		Debug|Any CPU = Debug|Any CPU
		Release|Any CPU = Release|Any CPU
	EndGlobalSection
	GlobalSection(ProjectConfigurationPlatforms) = postSolution
		{498DFB70-3598-43C7-B472-E3CF54FAADCF}.Debug|Any CPU.ActiveCfg = Debug|Any CPU
		{498DFB70-3598-43C7-B472-E3CF54FAADCF}.Debug|Any CPU.Build.0 = Debug|Any CPU
		{498DFB70-3598-43C7-B472-E3CF54FAADCF}.Release|Any CPU.ActiveCfg = Release|Any CPU
		{498DFB70-3598-43C7-B472-E3CF54FAADCF}.Release|Any CPU.Build.0 = Release|Any CPU
	EndGlobalSection
EndGlobal
